
Microsoft Visual Studio Solution File, Format Version 12.00
# Visual Studio 2013
VisualStudioVersion = 12.0.30110.0
MinimumVisualStudioVersion = 10.0.40219.1
Project("{FAE04EC0-301F-11D3-BF4B-00C04F79EFBC}") = "SportsStore.WebUI", "SportsStore.WebUI\SportsStore.WebUI.csproj", "{49750F23-A908-47ED-8CA6-BAD7E22CCE36}"
EndProject
Project("{FAE04EC0-301F-11D3-BF4B-00C04F79EFBC}") = "SportsStore.UnitTests", "SportsStore.UnitTests\SportsStore.UnitTests.csproj", "{6D030321-1609-49DE-BD64-099132684C53}"
	ProjectSection(ProjectDependencies) = postProject
		{9B30A577-EBBE-479E-9F42-1F866FC155E4} = {9B30A577-EBBE-479E-9F42-1F866FC155E4}
	EndProjectSection
EndProject
Project("{FAE04EC0-301F-11D3-BF4B-00C04F79EFBC}") = "SportsStore.Domain", "SportsStore.Domain\SportsStore.Domain.csproj", "{9B30A577-EBBE-479E-9F42-1F866FC155E4}"
EndProject
Global
	GlobalSection(SolutionConfigurationPlatforms) = preSolution
		Debug|Any CPU = Debug|Any CPU
		Release|Any CPU = Release|Any CPU
	EndGlobalSection
	GlobalSection(ProjectConfigurationPlatforms) = postSolution
		{49750F23-A908-47ED-8CA6-BAD7E22CCE36}.Debug|Any CPU.ActiveCfg = Debug|Any CPU
		{49750F23-A908-47ED-8CA6-BAD7E22CCE36}.Debug|Any CPU.Build.0 = Debug|Any CPU
		{49750F23-A908-47ED-8CA6-BAD7E22CCE36}.Release|Any CPU.ActiveCfg = Release|Any CPU
		{49750F23-A908-47ED-8CA6-BAD7E22CCE36}.Release|Any CPU.Build.0 = Release|Any CPU
		{6D030321-1609-49DE-BD64-099132684C53}.Debug|Any CPU.ActiveCfg = Debug|Any CPU
		{6D030321-1609-49DE-BD64-099132684C53}.Debug|Any CPU.Build.0 = Debug|Any CPU
		{6D030321-1609-49DE-BD64-099132684C53}.Release|Any CPU.ActiveCfg = Release|Any CPU
		{6D030321-1609-49DE-BD64-099132684C53}.Release|Any CPU.Build.0 = Release|Any CPU
		{9B30A577-EBBE-479E-9F42-1F866FC155E4}.Debug|Any CPU.ActiveCfg = Debug|Any CPU
		{9B30A577-EBBE-479E-9F42-1F866FC155E4}.Debug|Any CPU.Build.0 = Debug|Any CPU
		{9B30A577-EBBE-479E-9F42-1F866FC155E4}.Release|Any CPU.ActiveCfg = Release|Any CPU
		{9B30A577-EBBE-479E-9F42-1F866FC155E4}.Release|Any CPU.Build.0 = Release|Any CPU
	EndGlobalSection
	GlobalSection(SolutionProperties) = preSolution
		HideSolutionNode = FALSE
	EndGlobalSection
EndGlobal
